// !$*UTF8*$!
{
	archiveVersion = 1;
	classes = {
	};
	objectVersion = 46;
	objects = {

/* Begin PBXBuildFile section */
		8D3240721CED7CEB004CA04E /* AppDelegate.swift in Sources */ = {isa = PBXBuildFile; fileRef = 8D3240711CED7CEB004CA04E /* AppDelegate.swift */; };
		8D3240741CED7CEB004CA04E /* ViewController.swift in Sources */ = {isa = PBXBuildFile; fileRef = 8D3240731CED7CEB004CA04E /* ViewController.swift */; };
		8D3240771CED7CEB004CA04E /* Main.storyboard in Resources */ = {isa = PBXBuildFile; fileRef = 8D3240751CED7CEB004CA04E /* Main.storyboard */; };
		8D3240791CED7CEB004CA04E /* Assets.xcassets in Resources */ = {isa = PBXBuildFile; fileRef = 8D3240781CED7CEB004CA04E /* Assets.xcassets */; };
		8D3240871CED7CEC004CA04E /* PlanIT_Agile_101Tests.swift in Sources */ = {isa = PBXBuildFile; fileRef = 8D3240861CED7CEC004CA04E /* PlanIT_Agile_101Tests.swift */; };
		8D3240921CED9E6D004CA04E /* CreateAccountViewController.swift in Sources */ = {isa = PBXBuildFile; fileRef = 8D3240911CED9E6C004CA04E /* CreateAccountViewController.swift */; };
		8D3240941CEFE1F7004CA04E /* libsqlite3.tbd in Frameworks */ = {isa = PBXBuildFile; fileRef = 8D3240931CEFE1F7004CA04E /* libsqlite3.tbd */; };
		8D3240C01CF003AB004CA04E /* FMDatabase.m in Sources */ = {isa = PBXBuildFile; fileRef = 8D3240B71CF003AB004CA04E /* FMDatabase.m */; };
		8D3240C11CF003AB004CA04E /* FMResultSet.m in Sources */ = {isa = PBXBuildFile; fileRef = 8D3240B91CF003AB004CA04E /* FMResultSet.m */; };
		8D3240C21CF003AB004CA04E /* FMDatabaseQueue.m in Sources */ = {isa = PBXBuildFile; fileRef = 8D3240BB1CF003AB004CA04E /* FMDatabaseQueue.m */; };
		8D3240C31CF003AB004CA04E /* FMDatabaseAdditions.m in Sources */ = {isa = PBXBuildFile; fileRef = 8D3240BD1CF003AB004CA04E /* FMDatabaseAdditions.m */; };
		8D3240C41CF003AB004CA04E /* FMDatabasePool.m in Sources */ = {isa = PBXBuildFile; fileRef = 8D3240BF1CF003AB004CA04E /* FMDatabasePool.m */; };
		8DEC34861D056E9D003CB572 /* ModuleTableViewCell.swift in Sources */ = {isa = PBXBuildFile; fileRef = 8DEC34851D056E9D003CB572 /* ModuleTableViewCell.swift */; };
		8DEC34881D07CA95003CB572 /* Module.swift in Sources */ = {isa = PBXBuildFile; fileRef = 8DEC34871D07CA95003CB572 /* Module.swift */; };
		8DEC34891D07CA95003CB572 /* Module.swift in Sources */ = {isa = PBXBuildFile; fileRef = 8DEC34871D07CA95003CB572 /* Module.swift */; };
		8DEC348B1D07CD52003CB572 /* ModuleTableViewController.swift in Sources */ = {isa = PBXBuildFile; fileRef = 8DEC348A1D07CD52003CB572 /* ModuleTableViewController.swift */; };
/* End PBXBuildFile section */

/* Begin PBXContainerItemProxy section */
		8D3240831CED7CEC004CA04E /* PBXContainerItemProxy */ = {
			isa = PBXContainerItemProxy;
			containerPortal = 8D3240661CED7CEB004CA04E /* Project object */;
			proxyType = 1;
			remoteGlobalIDString = 8D32406D1CED7CEB004CA04E;
			remoteInfo = "PlanIT Agile 101";
		};
/* End PBXContainerItemProxy section */

/* Begin PBXFileReference section */
		8D32406E1CED7CEB004CA04E /* PlanIT Agile 101.app */ = {isa = PBXFileReference; explicitFileType = wrapper.application; includeInIndex = 0; path = "PlanIT Agile 101.app"; sourceTree = BUILT_PRODUCTS_DIR; };
		8D3240711CED7CEB004CA04E /* AppDelegate.swift */ = {isa = PBXFileReference; lastKnownFileType = sourcecode.swift; path = AppDelegate.swift; sourceTree = "<group>"; };
		8D3240731CED7CEB004CA04E /* ViewController.swift */ = {isa = PBXFileReference; lastKnownFileType = sourcecode.swift; path = ViewController.swift; sourceTree = "<group>"; };
		8D3240761CED7CEB004CA04E /* Base */ = {isa = PBXFileReference; lastKnownFileType = file.storyboard; name = Base; path = Base.lproj/Main.storyboard; sourceTree = "<group>"; };
		8D3240781CED7CEB004CA04E /* Assets.xcassets */ = {isa = PBXFileReference; lastKnownFileType = folder.assetcatalog; path = Assets.xcassets; sourceTree = "<group>"; };
		8D32407D1CED7CEB004CA04E /* Info.plist */ = {isa = PBXFileReference; lastKnownFileType = text.plist.xml; path = Info.plist; sourceTree = "<group>"; };
		8D3240821CED7CEC004CA04E /* PlanIT Agile 101Tests.xctest */ = {isa = PBXFileReference; explicitFileType = wrapper.cfbundle; includeInIndex = 0; path = "PlanIT Agile 101Tests.xctest"; sourceTree = BUILT_PRODUCTS_DIR; };
		8D3240861CED7CEC004CA04E /* PlanIT_Agile_101Tests.swift */ = {isa = PBXFileReference; lastKnownFileType = sourcecode.swift; path = PlanIT_Agile_101Tests.swift; sourceTree = "<group>"; };
		8D3240881CED7CEC004CA04E /* Info.plist */ = {isa = PBXFileReference; lastKnownFileType = text.plist.xml; path = Info.plist; sourceTree = "<group>"; };
		8D3240911CED9E6C004CA04E /* CreateAccountViewController.swift */ = {isa = PBXFileReference; fileEncoding = 4; lastKnownFileType = sourcecode.swift; path = CreateAccountViewController.swift; sourceTree = "<group>"; };
		8D3240931CEFE1F7004CA04E /* libsqlite3.tbd */ = {isa = PBXFileReference; lastKnownFileType = "sourcecode.text-based-dylib-definition"; name = libsqlite3.tbd; path = usr/lib/libsqlite3.tbd; sourceTree = SDKROOT; };
		8D3240B41CF003AA004CA04E /* PlanIT Agile 101-Bridging-Header.h */ = {isa = PBXFileReference; lastKnownFileType = sourcecode.c.h; path = "PlanIT Agile 101-Bridging-Header.h"; sourceTree = "<group>"; };
		8D3240B51CF003AB004CA04E /* FMDB.h */ = {isa = PBXFileReference; fileEncoding = 4; lastKnownFileType = sourcecode.c.h; name = FMDB.h; path = ../../../fmdb/src/fmdb/FMDB.h; sourceTree = "<group>"; };
		8D3240B61CF003AB004CA04E /* FMDatabase.h */ = {isa = PBXFileReference; fileEncoding = 4; lastKnownFileType = sourcecode.c.h; name = FMDatabase.h; path = ../../../fmdb/src/fmdb/FMDatabase.h; sourceTree = "<group>"; };
		8D3240B71CF003AB004CA04E /* FMDatabase.m */ = {isa = PBXFileReference; fileEncoding = 4; lastKnownFileType = sourcecode.c.objc; name = FMDatabase.m; path = ../../../fmdb/src/fmdb/FMDatabase.m; sourceTree = "<group>"; };
		8D3240B81CF003AB004CA04E /* FMResultSet.h */ = {isa = PBXFileReference; fileEncoding = 4; lastKnownFileType = sourcecode.c.h; name = FMResultSet.h; path = ../../../fmdb/src/fmdb/FMResultSet.h; sourceTree = "<group>"; };
		8D3240B91CF003AB004CA04E /* FMResultSet.m */ = {isa = PBXFileReference; fileEncoding = 4; lastKnownFileType = sourcecode.c.objc; name = FMResultSet.m; path = ../../../fmdb/src/fmdb/FMResultSet.m; sourceTree = "<group>"; };
		8D3240BA1CF003AB004CA04E /* FMDatabaseQueue.h */ = {isa = PBXFileReference; fileEncoding = 4; lastKnownFileType = sourcecode.c.h; name = FMDatabaseQueue.h; path = ../../../fmdb/src/fmdb/FMDatabaseQueue.h; sourceTree = "<group>"; };
		8D3240BB1CF003AB004CA04E /* FMDatabaseQueue.m */ = {isa = PBXFileReference; fileEncoding = 4; lastKnownFileType = sourcecode.c.objc; name = FMDatabaseQueue.m; path = ../../../fmdb/src/fmdb/FMDatabaseQueue.m; sourceTree = "<group>"; };
		8D3240BC1CF003AB004CA04E /* FMDatabaseAdditions.h */ = {isa = PBXFileReference; fileEncoding = 4; lastKnownFileType = sourcecode.c.h; name = FMDatabaseAdditions.h; path = ../../../fmdb/src/fmdb/FMDatabaseAdditions.h; sourceTree = "<group>"; };
		8D3240BD1CF003AB004CA04E /* FMDatabaseAdditions.m */ = {isa = PBXFileReference; fileEncoding = 4; lastKnownFileType = sourcecode.c.objc; name = FMDatabaseAdditions.m; path = ../../../fmdb/src/fmdb/FMDatabaseAdditions.m; sourceTree = "<group>"; };
		8D3240BE1CF003AB004CA04E /* FMDatabasePool.h */ = {isa = PBXFileReference; fileEncoding = 4; lastKnownFileType = sourcecode.c.h; name = FMDatabasePool.h; path = ../../../fmdb/src/fmdb/FMDatabasePool.h; sourceTree = "<group>"; };
		8D3240BF1CF003AB004CA04E /* FMDatabasePool.m */ = {isa = PBXFileReference; fileEncoding = 4; lastKnownFileType = sourcecode.c.objc; name = FMDatabasePool.m; path = ../../../fmdb/src/fmdb/FMDatabasePool.m; sourceTree = "<group>"; };
		8DEC34851D056E9D003CB572 /* ModuleTableViewCell.swift */ = {isa = PBXFileReference; fileEncoding = 4; lastKnownFileType = sourcecode.swift; path = ModuleTableViewCell.swift; sourceTree = "<group>"; };
		8DEC34871D07CA95003CB572 /* Module.swift */ = {isa = PBXFileReference; fileEncoding = 4; lastKnownFileType = sourcecode.swift; path = Module.swift; sourceTree = "<group>"; };
		8DEC348A1D07CD52003CB572 /* ModuleTableViewController.swift */ = {isa = PBXFileReference; fileEncoding = 4; lastKnownFileType = sourcecode.swift; path = ModuleTableViewController.swift; sourceTree = "<group>"; };
/* End PBXFileReference section */

/* Begin PBXFrameworksBuildPhase section */
		8D32406B1CED7CEB004CA04E /* Frameworks */ = {
			isa = PBXFrameworksBuildPhase;
			buildActionMask = 2147483647;
			files = (
				8D3240941CEFE1F7004CA04E /* libsqlite3.tbd in Frameworks */,
			);
			runOnlyForDeploymentPostprocessing = 0;
		};
		8D32407F1CED7CEC004CA04E /* Frameworks */ = {
			isa = PBXFrameworksBuildPhase;
			buildActionMask = 2147483647;
			files = (
			);
			runOnlyForDeploymentPostprocessing = 0;
		};
/* End PBXFrameworksBuildPhase section */

/* Begin PBXGroup section */
		8D3240651CED7CEA004CA04E = {
			isa = PBXGroup;
			children = (
				8D3240931CEFE1F7004CA04E /* libsqlite3.tbd */,
				8D3240701CED7CEB004CA04E /* PlanIT Agile 101 */,
				8D3240851CED7CEC004CA04E /* PlanIT Agile 101Tests */,
				8D32406F1CED7CEB004CA04E /* Products */,
			);
			sourceTree = "<group>";
		};
		8D32406F1CED7CEB004CA04E /* Products */ = {
			isa = PBXGroup;
			children = (
				8D32406E1CED7CEB004CA04E /* PlanIT Agile 101.app */,
				8D3240821CED7CEC004CA04E /* PlanIT Agile 101Tests.xctest */,
			);
			name = Products;
			sourceTree = "<group>";
		};
		8D3240701CED7CEB004CA04E /* PlanIT Agile 101 */ = {
			isa = PBXGroup;
			children = (
				8D3240B51CF003AB004CA04E /* FMDB.h */,
				8D3240B61CF003AB004CA04E /* FMDatabase.h */,
				8D3240B71CF003AB004CA04E /* FMDatabase.m */,
				8D3240B81CF003AB004CA04E /* FMResultSet.h */,
				8D3240B91CF003AB004CA04E /* FMResultSet.m */,
				8D3240BA1CF003AB004CA04E /* FMDatabaseQueue.h */,
				8D3240BB1CF003AB004CA04E /* FMDatabaseQueue.m */,
				8D3240BC1CF003AB004CA04E /* FMDatabaseAdditions.h */,
				8D3240BD1CF003AB004CA04E /* FMDatabaseAdditions.m */,
				8D3240BE1CF003AB004CA04E /* FMDatabasePool.h */,
				8D3240BF1CF003AB004CA04E /* FMDatabasePool.m */,
				8D3240711CED7CEB004CA04E /* AppDelegate.swift */,
				8D3240731CED7CEB004CA04E /* ViewController.swift */,
				8D3240911CED9E6C004CA04E /* CreateAccountViewController.swift */,
				8D3240751CED7CEB004CA04E /* Main.storyboard */,
				8DEC34871D07CA95003CB572 /* Module.swift */,
				8DEC34851D056E9D003CB572 /* ModuleTableViewCell.swift */,
				8DEC348A1D07CD52003CB572 /* ModuleTableViewController.swift */,
				8D3240781CED7CEB004CA04E /* Assets.xcassets */,
				8D32407D1CED7CEB004CA04E /* Info.plist */,
				8D3240B41CF003AA004CA04E /* PlanIT Agile 101-Bridging-Header.h */,
			);
			path = "PlanIT Agile 101";
			sourceTree = "<group>";
		};
		8D3240851CED7CEC004CA04E /* PlanIT Agile 101Tests */ = {
			isa = PBXGroup;
			children = (
				8D3240861CED7CEC004CA04E /* PlanIT_Agile_101Tests.swift */,
				8D3240881CED7CEC004CA04E /* Info.plist */,
			);
			path = "PlanIT Agile 101Tests";
			sourceTree = "<group>";
		};
/* End PBXGroup section */

/* Begin PBXNativeTarget section */
		8D32406D1CED7CEB004CA04E /* PlanIT Agile 101 */ = {
			isa = PBXNativeTarget;
			buildConfigurationList = 8D32408B1CED7CEC004CA04E /* Build configuration list for PBXNativeTarget "PlanIT Agile 101" */;
			buildPhases = (
				8D32406A1CED7CEB004CA04E /* Sources */,
				8D32406B1CED7CEB004CA04E /* Frameworks */,
				8D32406C1CED7CEB004CA04E /* Resources */,
			);
			buildRules = (
			);
			dependencies = (
			);
			name = "PlanIT Agile 101";
			productName = "PlanIT Agile 101";
			productReference = 8D32406E1CED7CEB004CA04E /* PlanIT Agile 101.app */;
			productType = "com.apple.product-type.application";
		};
		8D3240811CED7CEC004CA04E /* PlanIT Agile 101Tests */ = {
			isa = PBXNativeTarget;
			buildConfigurationList = 8D32408E1CED7CEC004CA04E /* Build configuration list for PBXNativeTarget "PlanIT Agile 101Tests" */;
			buildPhases = (
				8D32407E1CED7CEC004CA04E /* Sources */,
				8D32407F1CED7CEC004CA04E /* Frameworks */,
				8D3240801CED7CEC004CA04E /* Resources */,
			);
			buildRules = (
			);
			dependencies = (
				8D3240841CED7CEC004CA04E /* PBXTargetDependency */,
			);
			name = "PlanIT Agile 101Tests";
			productName = "PlanIT Agile 101Tests";
			productReference = 8D3240821CED7CEC004CA04E /* PlanIT Agile 101Tests.xctest */;
			productType = "com.apple.product-type.bundle.unit-test";
		};
/* End PBXNativeTarget section */

/* Begin PBXProject section */
		8D3240661CED7CEB004CA04E /* Project object */ = {
			isa = PBXProject;
			attributes = {
				KnownAssetTags = (
					New,
				);
				LastSwiftUpdateCheck = 0730;
				LastUpgradeCheck = 0730;
				ORGANIZATIONNAME = "Lucy French";
				TargetAttributes = {
					8D32406D1CED7CEB004CA04E = {
						CreatedOnToolsVersion = 7.3.1;
					};
					8D3240811CED7CEC004CA04E = {
						CreatedOnToolsVersion = 7.3.1;
						TestTargetID = 8D32406D1CED7CEB004CA04E;
					};
				};
			};
			buildConfigurationList = 8D3240691CED7CEB004CA04E /* Build configuration list for PBXProject "PlanIT Agile 101" */;
			compatibilityVersion = "Xcode 3.2";
			developmentRegion = English;
			hasScannedForEncodings = 0;
			knownRegions = (
				en,
				Base,
			);
			mainGroup = 8D3240651CED7CEA004CA04E;
			productRefGroup = 8D32406F1CED7CEB004CA04E /* Products */;
			projectDirPath = "";
			projectRoot = "";
			targets = (
				8D32406D1CED7CEB004CA04E /* PlanIT Agile 101 */,
				8D3240811CED7CEC004CA04E /* PlanIT Agile 101Tests */,
			);
		};
/* End PBXProject section */

/* Begin PBXResourcesBuildPhase section */
		8D32406C1CED7CEB004CA04E /* Resources */ = {
			isa = PBXResourcesBuildPhase;
			buildActionMask = 2147483647;
			files = (
				8D3240791CED7CEB004CA04E /* Assets.xcassets in Resources */,
				8D3240771CED7CEB004CA04E /* Main.storyboard in Resources */,
			);
			runOnlyForDeploymentPostprocessing = 0;
		};
		8D3240801CED7CEC004CA04E /* Resources */ = {
			isa = PBXResourcesBuildPhase;
			buildActionMask = 2147483647;
			files = (
			);
			runOnlyForDeploymentPostprocessing = 0;
		};
/* End PBXResourcesBuildPhase section */

/* Begin PBXSourcesBuildPhase section */
		8D32406A1CED7CEB004CA04E /* Sources */ = {
			isa = PBXSourcesBuildPhase;
			buildActionMask = 2147483647;
			files = (
				8D3240921CED9E6D004CA04E /* CreateAccountViewController.swift in Sources */,
				8D3240741CED7CEB004CA04E /* ViewController.swift in Sources */,
				8DEC348B1D07CD52003CB572 /* ModuleTableViewController.swift in Sources */,
				8D3240721CED7CEB004CA04E /* AppDelegate.swift in Sources */,
				8DEC34881D07CA95003CB572 /* Module.swift in Sources */,
				8D3240C01CF003AB004CA04E /* FMDatabase.m in Sources */,
				8DEC34861D056E9D003CB572 /* ModuleTableViewCell.swift in Sources */,
				8D3240C11CF003AB004CA04E /* FMResultSet.m in Sources */,
				8D3240C41CF003AB004CA04E /* FMDatabasePool.m in Sources */,
				8D3240C31CF003AB004CA04E /* FMDatabaseAdditions.m in Sources */,
				8D3240C21CF003AB004CA04E /* FMDatabaseQueue.m in Sources */,
			);
			runOnlyForDeploymentPostprocessing = 0;
		};
		8D32407E1CED7CEC004CA04E /* Sources */ = {
			isa = PBXSourcesBuildPhase;
			buildActionMask = 2147483647;
			files = (
				8D3240871CED7CEC004CA04E /* PlanIT_Agile_101Tests.swift in Sources */,
				8DEC34891D07CA95003CB572 /* Module.swift in Sources */,
			);
			runOnlyForDeploymentPostprocessing = 0;
		};
/* End PBXSourcesBuildPhase section */

/* Begin PBXTargetDependency section */
		8D3240841CED7CEC004CA04E /* PBXTargetDependency */ = {
			isa = PBXTargetDependency;
			target = 8D32406D1CED7CEB004CA04E /* PlanIT Agile 101 */;
			targetProxy = 8D3240831CED7CEC004CA04E /* PBXContainerItemProxy */;
		};
/* End PBXTargetDependency section */

/* Begin PBXVariantGroup section */
		8D3240751CED7CEB004CA04E /* Main.storyboard */ = {
			isa = PBXVariantGroup;
			children = (
				8D3240761CED7CEB004CA04E /* Base */,
			);
			name = Main.storyboard;
			sourceTree = "<group>";
		};
/* End PBXVariantGroup section */

/* Begin XCBuildConfiguration section */
		8D3240891CED7CEC004CA04E /* Debug */ = {
			isa = XCBuildConfiguration;
			buildSettings = {
				ALWAYS_SEARCH_USER_PATHS = NO;
				CLANG_ANALYZER_NONNULL = YES;
				CLANG_CXX_LANGUAGE_STANDARD = "gnu++0x";
				CLANG_CXX_LIBRARY = "libc++";
				CLANG_ENABLE_MODULES = YES;
				CLANG_ENABLE_OBJC_ARC = YES;
				CLANG_WARN_BOOL_CONVERSION = YES;
				CLANG_WARN_CONSTANT_CONVERSION = YES;
				CLANG_WARN_DIRECT_OBJC_ISA_USAGE = YES_ERROR;
				CLANG_WARN_EMPTY_BODY = YES;
				CLANG_WARN_ENUM_CONVERSION = YES;
				CLANG_WARN_INT_CONVERSION = YES;
				CLANG_WARN_OBJC_ROOT_CLASS = YES_ERROR;
				CLANG_WARN_UNREACHABLE_CODE = YES;
				CLANG_WARN__DUPLICATE_METHOD_MATCH = YES;
				"CODE_SIGN_IDENTITY[sdk=iphoneos*]" = "iPhone Developer";
				COPY_PHASE_STRIP = NO;
				DEBUG_INFORMATION_FORMAT = dwarf;
				ENABLE_STRICT_OBJC_MSGSEND = YES;
				ENABLE_TESTABILITY = YES;
				GCC_C_LANGUAGE_STANDARD = gnu99;
				GCC_DYNAMIC_NO_PIC = NO;
				GCC_NO_COMMON_BLOCKS = YES;
				GCC_OPTIMIZATION_LEVEL = 0;
				GCC_PREPROCESSOR_DEFINITIONS = (
					"DEBUG=1",
					"$(inherited)",
				);
				GCC_WARN_64_TO_32_BIT_CONVERSION = YES;
				GCC_WARN_ABOUT_RETURN_TYPE = YES_ERROR;
				GCC_WARN_UNDECLARED_SELECTOR = YES;
				GCC_WARN_UNINITIALIZED_AUTOS = YES_AGGRESSIVE;
				GCC_WARN_UNUSED_FUNCTION = YES;
				GCC_WARN_UNUSED_VARIABLE = YES;
				IPHONEOS_DEPLOYMENT_TARGET = 9.3;
				MTL_ENABLE_DEBUG_INFO = YES;
				ONLY_ACTIVE_ARCH = YES;
				SDKROOT = iphoneos;
				SWIFT_OPTIMIZATION_LEVEL = "-Onone";
				TARGETED_DEVICE_FAMILY = "1,2";
			};
			name = Debug;
		};
		8D32408A1CED7CEC004CA04E /* Release */ = {
			isa = XCBuildConfiguration;
			buildSettings = {
				ALWAYS_SEARCH_USER_PATHS = NO;
				CLANG_ANALYZER_NONNULL = YES;
				CLANG_CXX_LANGUAGE_STANDARD = "gnu++0x";
				CLANG_CXX_LIBRARY = "libc++";
				CLANG_ENABLE_MODULES = YES;
				CLANG_ENABLE_OBJC_ARC = YES;
				CLANG_WARN_BOOL_CONVERSION = YES;
				CLANG_WARN_CONSTANT_CONVERSION = YES;
				CLANG_WARN_DIRECT_OBJC_ISA_USAGE = YES_ERROR;
				CLANG_WARN_EMPTY_BODY = YES;
				CLANG_WARN_ENUM_CONVERSION = YES;
				CLANG_WARN_INT_CONVERSION = YES;
				CLANG_WARN_OBJC_ROOT_CLASS = YES_ERROR;
				CLANG_WARN_UNREACHABLE_CODE = YES;
				CLANG_WARN__DUPLICATE_METHOD_MATCH = YES;
				"CODE_SIGN_IDENTITY[sdk=iphoneos*]" = "iPhone Developer";
				COPY_PHASE_STRIP = NO;
				DEBUG_INFORMATION_FORMAT = "dwarf-with-dsym";
				ENABLE_NS_ASSERTIONS = NO;
				ENABLE_STRICT_OBJC_MSGSEND = YES;
				GCC_C_LANGUAGE_STANDARD = gnu99;
				GCC_NO_COMMON_BLOCKS = YES;
				GCC_WARN_64_TO_32_BIT_CONVERSION = YES;
				GCC_WARN_ABOUT_RETURN_TYPE = YES_ERROR;
				GCC_WARN_UNDECLARED_SELECTOR = YES;
				GCC_WARN_UNINITIALIZED_AUTOS = YES_AGGRESSIVE;
				GCC_WARN_UNUSED_FUNCTION = YES;
				GCC_WARN_UNUSED_VARIABLE = YES;
				IPHONEOS_DEPLOYMENT_TARGET = 9.3;
				MTL_ENABLE_DEBUG_INFO = NO;
				SDKROOT = iphoneos;
				TARGETED_DEVICE_FAMILY = "1,2";
				VALIDATE_PRODUCT = YES;
			};
			name = Release;
		};
		8D32408C1CED7CEC004CA04E /* Debug */ = {
			isa = XCBuildConfiguration;
			buildSettings = {
				ASSETCATALOG_COMPILER_APPICON_NAME = AppIcon;
				CLANG_ENABLE_MODULES = YES;
				INFOPLIST_FILE = "PlanIT Agile 101/Info.plist";
				LD_RUNPATH_SEARCH_PATHS = "$(inherited) @executable_path/Frameworks";
				PRODUCT_BUNDLE_IDENTIFIER = "com.example.PlanIT-Agile-101";
				PRODUCT_NAME = "$(TARGET_NAME)";
				SWIFT_OBJC_BRIDGING_HEADER = "PlanIT Agile 101/PlanIT Agile 101-Bridging-Header.h";
				SWIFT_OPTIMIZATION_LEVEL = "-Onone";
			};
			name = Debug;
		};
		8D32408D1CED7CEC004CA04E /* Release */ = {
			isa = XCBuildConfiguration;
			buildSettings = {
				ASSETCATALOG_COMPILER_APPICON_NAME = AppIcon;
				CLANG_ENABLE_MODULES = YES;
				INFOPLIST_FILE = "PlanIT Agile 101/Info.plist";
				LD_RUNPATH_SEARCH_PATHS = "$(inherited) @executable_path/Frameworks";
				PRODUCT_BUNDLE_IDENTIFIER = "com.example.PlanIT-Agile-101";
				PRODUCT_NAME = "$(TARGET_NAME)";
				SWIFT_OBJC_BRIDGING_HEADER = "PlanIT Agile 101/PlanIT Agile 101-Bridging-Header.h";
			};
			name = Release;
		};
		8D32408F1CED7CEC004CA04E /* Debug */ = {
			isa = XCBuildConfiguration;
			buildSettings = {
				BUNDLE_LOADER = "$(TEST_HOST)";
				INFOPLIST_FILE = "PlanIT Agile 101Tests/Info.plist";
				LD_RUNPATH_SEARCH_PATHS = "$(inherited) @executable_path/Frameworks @loader_path/Frameworks";
				PRODUCT_BUNDLE_IDENTIFIER = "com.example.PlanIT-Agile-101Tests";
				PRODUCT_NAME = "$(TARGET_NAME)";
				TEST_HOST = "$(BUILT_PRODUCTS_DIR)/PlanIT Agile 101.app/PlanIT Agile 101";
			};
			name = Debug;
		};
		8D3240901CED7CEC004CA04E /* Release */ = {
			isa = XCBuildConfiguration;
			buildSettings = {
				BUNDLE_LOADER = "$(TEST_HOST)";
				INFOPLIST_FILE = "PlanIT Agile 101Tests/Info.plist";
				LD_RUNPATH_SEARCH_PATHS = "$(inherited) @executable_path/Frameworks @loader_path/Frameworks";
				PRODUCT_BUNDLE_IDENTIFIER = "com.example.PlanIT-Agile-101Tests";
				PRODUCT_NAME = "$(TARGET_NAME)";
				TEST_HOST = "$(BUILT_PRODUCTS_DIR)/PlanIT Agile 101.app/PlanIT Agile 101";
			};
			name = Release;
		};
/* End XCBuildConfiguration section */

/* Begin XCConfigurationList section */
		8D3240691CED7CEB004CA04E /* Build configuration list for PBXProject "PlanIT Agile 101" */ = {
			isa = XCConfigurationList;
			buildConfigurations = (
				8D3240891CED7CEC004CA04E /* Debug */,
				8D32408A1CED7CEC004CA04E /* Release */,
			);
			defaultConfigurationIsVisible = 0;
			defaultConfigurationName = Release;
		};
		8D32408B1CED7CEC004CA04E /* Build configuration list for PBXNativeTarget "PlanIT Agile 101" */ = {
			isa = XCConfigurationList;
			buildConfigurations = (
				8D32408C1CED7CEC004CA04E /* Debug */,
				8D32408D1CED7CEC004CA04E /* Release */,
			);
			defaultConfigurationIsVisible = 0;
			defaultConfigurationName = Release;
		};
		8D32408E1CED7CEC004CA04E /* Build configuration list for PBXNativeTarget "PlanIT Agile 101Tests" */ = {
			isa = XCConfigurationList;
			buildConfigurations = (
				8D32408F1CED7CEC004CA04E /* Debug */,
				8D3240901CED7CEC004CA04E /* Release */,
			);
			defaultConfigurationIsVisible = 0;
			defaultConfigurationName = Release;
		};
/* End XCConfigurationList section */
	};
	rootObject = 8D3240661CED7CEB004CA04E /* Project object */;
}
